
Microsoft Visual Studio Solution File, Format Version 12.00
# Visual Studio Version 17
VisualStudioVersion = 17.13.35931.197
MinimumVisualStudioVersion = 10.0.40219.1
Project("{FAE04EC0-301F-11D3-BF4B-00C04F79EFBC}") = "AzureBlobSt", "AzureBlobSt\AzureBlobSt.csproj", "{6C74D97A-0782-4DC5-B203-F8CB80C7985E}"
EndProject
Project("{2150E333-8FDC-42A3-9474-1A3956D46DE8}") = "Kubernetes", "Kubernetes", "{02EA681E-C7D8-13C7-8484-4AC65E1B71E8}"
	ProjectSection(SolutionItems) = preProject
		Kubernetes\application.yaml = Kubernetes\application.yaml
		Kubernetes\service.yaml = Kubernetes\service.yaml
		Kubernetes\serviceaccount.yaml = Kubernetes\serviceaccount.yaml
	EndProjectSection
EndProject
Project("{2150E333-8FDC-42A3-9474-1A3956D46DE8}") = "SolutionItems", "SolutionItems", "{043D6EB2-9877-4F26-8E06-A8DEA3FF03A8}"
	ProjectSection(SolutionItems) = preProject
		Dockerfile = Dockerfile
		README.md = README.md
	EndProjectSection
EndProject
Project("{2150E333-8FDC-42A3-9474-1A3956D46DE8}") = "APIGateway", "APIGateway", "{1E1F3397-31A3-4922-B4F3-69A7C87DF67B}"
	ProjectSection(SolutionItems) = preProject
		Kubernetes\APIGateway\gloo-upstream.yaml = Kubernetes\APIGateway\gloo-upstream.yaml
		Kubernetes\APIGateway\gloo-virtual-service.yaml = Kubernetes\APIGateway\gloo-virtual-service.yaml
	EndProjectSection
EndProject
Global
	GlobalSection(SolutionConfigurationPlatforms) = preSolution
		Debug|Any CPU = Debug|Any CPU
		Release|Any CPU = Release|Any CPU
	EndGlobalSection
	GlobalSection(ProjectConfigurationPlatforms) = postSolution
		{6C74D97A-0782-4DC5-B203-F8CB80C7985E}.Debug|Any CPU.ActiveCfg = Debug|Any CPU
		{6C74D97A-0782-4DC5-B203-F8CB80C7985E}.Debug|Any CPU.Build.0 = Debug|Any CPU
		{6C74D97A-0782-4DC5-B203-F8CB80C7985E}.Release|Any CPU.ActiveCfg = Release|Any CPU
		{6C74D97A-0782-4DC5-B203-F8CB80C7985E}.Release|Any CPU.Build.0 = Release|Any CPU
	EndGlobalSection
	GlobalSection(SolutionProperties) = preSolution
		HideSolutionNode = FALSE
	EndGlobalSection
	GlobalSection(NestedProjects) = preSolution
		{1E1F3397-31A3-4922-B4F3-69A7C87DF67B} = {02EA681E-C7D8-13C7-8484-4AC65E1B71E8}
	EndGlobalSection
	GlobalSection(ExtensibilityGlobals) = postSolution
		SolutionGuid = {5378A410-D309-474E-BF7D-0B1F41F92462}
	EndGlobalSection
EndGlobal
